Microsoft Visual Studio Solution File, Format Version 11.00
# Visual Studio 2008

Project("{6135181A-42C1-F1B0-18B1-02E6AAD4C07E}") = "TalkingAvatar", "Assembly-CSharp-vs.csproj", "{E07CE489-BC2B-6C4A-D071-9A130DF297B1}"
EndProject
Project("{6135181A-42C1-F1B0-18B1-02E6AAD4C07E}") = "TalkingAvatar", "Assembly-CSharp-Editor-vs.csproj", "{4FAF226D-A40E-60EF-7EAB-9BAF7FF14C4D}"
EndProject
Global
	GlobalSection(SolutionConfigurationPlatforms) = preSolution
		Debug|Any CPU = Debug|Any CPU
		Release|Any CPU = Release|Any CPU
	EndGlobalSection
	GlobalSection(ProjectConfigurationPlatforms) = postSolution
		{E07CE489-BC2B-6C4A-D071-9A130DF297B1}.Debug|Any CPU.ActiveCfg = Debug|Any CPU
		{E07CE489-BC2B-6C4A-D071-9A130DF297B1}.Debug|Any CPU.Build.0 = Debug|Any CPU
		{E07CE489-BC2B-6C4A-D071-9A130DF297B1}.Release|Any CPU.ActiveCfg = Release|Any CPU
		{E07CE489-BC2B-6C4A-D071-9A130DF297B1}.Release|Any CPU.Build.0 = Release|Any CPU
		{4FAF226D-A40E-60EF-7EAB-9BAF7FF14C4D}.Debug|Any CPU.ActiveCfg = Debug|Any CPU
		{4FAF226D-A40E-60EF-7EAB-9BAF7FF14C4D}.Debug|Any CPU.Build.0 = Debug|Any CPU
		{4FAF226D-A40E-60EF-7EAB-9BAF7FF14C4D}.Release|Any CPU.ActiveCfg = Release|Any CPU
		{4FAF226D-A40E-60EF-7EAB-9BAF7FF14C4D}.Release|Any CPU.Build.0 = Release|Any CPU
	EndGlobalSection
	GlobalSection(SolutionProperties) = preSolution
		HideSolutionNode = FALSE
	EndGlobalSection
																																									GlobalSection(MonoDevelopProperties) = preSolution
		StartupItem = Assembly-CSharp.csproj
		Policies = $0
		$0.TextStylePolicy = $1
		$1.inheritsSet = null
		$1.scope = text/x-csharp
		$0.CSharpFormattingPolicy = $2
		$2.inheritsSet = Mono
		$2.inheritsScope = text/x-csharp
		$2.scope = text/x-csharp
		$0.TextStylePolicy = $3
		$3.FileWidth = 120
		$3.TabWidth = 4
		$3.IndentWidth = 4
		$3.EolMarker = Unix
		$3.inheritsSet = Mono
		$3.inheritsScope = text/plain
		$3.scope = text/plain
	EndGlobalSection

EndGlobal
